
Microsoft Visual Studio Solution File, Format Version 12.00
# Visual Studio 15
VisualStudioVersion = 15.0.28307.271
MinimumVisualStudioVersion = 10.0.40219.1
Project("{FAE04EC0-301F-11D3-BF4B-00C04F79EFBC}") = "SSETestConsoleApp", "SSETestConsoleApp\SSETestConsoleApp.csproj", "{23E644D8-693C-44A1-BD14-695F694E7D7F}"
EndProject
Global
	GlobalSection(SolutionConfigurationPlatforms) = preSolution
		Debug|Any CPU = Debug|Any CPU
		Release|Any CPU = Release|Any CPU
	EndGlobalSection
	GlobalSection(ProjectConfigurationPlatforms) = postSolution
		{23E644D8-693C-44A1-BD14-695F694E7D7F}.Debug|Any CPU.ActiveCfg = Debug|Any CPU
		{23E644D8-693C-44A1-BD14-695F694E7D7F}.Debug|Any CPU.Build.0 = Debug|Any CPU
		{23E644D8-693C-44A1-BD14-695F694E7D7F}.Release|Any CPU.ActiveCfg = Release|Any CPU
		{23E644D8-693C-44A1-BD14-695F694E7D7F}.Release|Any CPU.Build.0 = Release|Any CPU
	EndGlobalSection
	GlobalSection(SolutionProperties) = preSolution
		HideSolutionNode = FALSE
	EndGlobalSection
	GlobalSection(ExtensibilityGlobals) = postSolution
		SolutionGuid = {F04C1BE2-6ABC-4F4D-8416-94E6833064C4}
	EndGlobalSection
EndGlobal
